// !$*UTF8*$!
{
	archiveVersion = 1;
	classes = {
	};
	objectVersion = 55;
	objects = {

/* Begin PBXBuildFile section */
		64BEBE6028ACB65100BB335E /* main.swift in Sources */ = {isa = PBXBuildFile; fileRef = 64BEBE5F28ACB65100BB335E /* main.swift */; };
		64BEBE6828ACB67E00BB335E /* Color.swift in Sources */ = {isa = PBXBuildFile; fileRef = 64BEBE6728ACB67E00BB335E /* Color.swift */; };
		64BEBE6B28ACB6AC00BB335E /* Value.swift in Sources */ = {isa = PBXBuildFile; fileRef = 64BEBE6A28ACB6AC00BB335E /* Value.swift */; };
		64BEBE7328ACC7BC00BB335E /* Card.swift in Sources */ = {isa = PBXBuildFile; fileRef = 64BEBE7228ACC7BC00BB335E /* Card.swift */; };
		64BEBE7628ACCB7400BB335E /* Deck.swift in Sources */ = {isa = PBXBuildFile; fileRef = 64BEBE7528ACCB7400BB335E /* Deck.swift */; };
		64BEBE7928ACD0BE00BB335E /* Deck2.swift in Sources */ = {isa = PBXBuildFile; fileRef = 64BEBE7828ACD0BE00BB335E /* Deck2.swift */; };
/* End PBXBuildFile section */

/* Begin PBXCopyFilesBuildPhase section */
		64BEBE5A28ACB65100BB335E /* CopyFiles */ = {
			isa = PBXCopyFilesBuildPhase;
			buildActionMask = 2147483647;
			dstPath = /usr/share/man/man1/;
			dstSubfolderSpec = 0;
			files = (
			);
			runOnlyForDeploymentPostprocessing = 1;
		};
/* End PBXCopyFilesBuildPhase section */

/* Begin PBXFileReference section */
		64BEBE5C28ACB65100BB335E /* day01 */ = {isa = PBXFileReference; explicitFileType = "compiled.mach-o.executable"; includeInIndex = 0; path = day01; sourceTree = BUILT_PRODUCTS_DIR; };
		64BEBE5F28ACB65100BB335E /* main.swift */ = {isa = PBXFileReference; lastKnownFileType = sourcecode.swift; path = main.swift; sourceTree = "<group>"; };
		64BEBE6728ACB67E00BB335E /* Color.swift */ = {isa = PBXFileReference; lastKnownFileType = sourcecode.swift; path = Color.swift; sourceTree = "<group>"; };
		64BEBE6A28ACB6AC00BB335E /* Value.swift */ = {isa = PBXFileReference; lastKnownFileType = sourcecode.swift; path = Value.swift; sourceTree = "<group>"; };
		64BEBE7228ACC7BC00BB335E /* Card.swift */ = {isa = PBXFileReference; lastKnownFileType = sourcecode.swift; path = Card.swift; sourceTree = "<group>"; };
		64BEBE7528ACCB7400BB335E /* Deck.swift */ = {isa = PBXFileReference; lastKnownFileType = sourcecode.swift; path = Deck.swift; sourceTree = "<group>"; };
		64BEBE7828ACD0BE00BB335E /* Deck2.swift */ = {isa = PBXFileReference; lastKnownFileType = sourcecode.swift; path = Deck2.swift; sourceTree = "<group>"; };
/* End PBXFileReference section */

/* Begin PBXFrameworksBuildPhase section */
		64BEBE5928ACB65100BB335E /* Frameworks */ = {
			isa = PBXFrameworksBuildPhase;
			buildActionMask = 2147483647;
			files = (
			);
			runOnlyForDeploymentPostprocessing = 0;
		};
/* End PBXFrameworksBuildPhase section */

/* Begin PBXGroup section */
		64BEBE5328ACB65100BB335E = {
			isa = PBXGroup;
			children = (
				64BEBE5E28ACB65100BB335E /* day01 */,
				64BEBE5D28ACB65100BB335E /* Products */,
			);
			sourceTree = "<group>";
		};
		64BEBE5D28ACB65100BB335E /* Products */ = {
			isa = PBXGroup;
			children = (
				64BEBE5C28ACB65100BB335E /* day01 */,
			);
			name = Products;
			sourceTree = "<group>";
		};
		64BEBE5E28ACB65100BB335E /* day01 */ = {
			isa = PBXGroup;
			children = (
				64BEBE7728ACD0AD00BB335E /* ex03 */,
				64BEBE7428ACCB4600BB335E /* ex02 */,
				64BEBE6928ACB6A200BB335E /* ex01 */,
				64BEBE6628ACB67200BB335E /* ex00 */,
				64BEBE5F28ACB65100BB335E /* main.swift */,
			);
			path = day01;
			sourceTree = "<group>";
		};
		64BEBE6628ACB67200BB335E /* ex00 */ = {
			isa = PBXGroup;
			children = (
				64BEBE6728ACB67E00BB335E /* Color.swift */,
				64BEBE6A28ACB6AC00BB335E /* Value.swift */,
			);
			path = ex00;
			sourceTree = "<group>";
		};
		64BEBE6928ACB6A200BB335E /* ex01 */ = {
			isa = PBXGroup;
			children = (
				64BEBE7228ACC7BC00BB335E /* Card.swift */,
			);
			path = ex01;
			sourceTree = "<group>";
		};
		64BEBE7428ACCB4600BB335E /* ex02 */ = {
			isa = PBXGroup;
			children = (
				64BEBE7528ACCB7400BB335E /* Deck.swift */,
			);
			path = ex02;
			sourceTree = "<group>";
		};
		64BEBE7728ACD0AD00BB335E /* ex03 */ = {
			isa = PBXGroup;
			children = (
				64BEBE7828ACD0BE00BB335E /* Deck2.swift */,
			);
			path = ex03;
			sourceTree = "<group>";
		};
/* End PBXGroup section */

/* Begin PBXNativeTarget section */
		64BEBE5B28ACB65100BB335E /* day01 */ = {
			isa = PBXNativeTarget;
			buildConfigurationList = 64BEBE6328ACB65100BB335E /* Build configuration list for PBXNativeTarget "day01" */;
			buildPhases = (
				64BEBE5828ACB65100BB335E /* Sources */,
				64BEBE5928ACB65100BB335E /* Frameworks */,
				64BEBE5A28ACB65100BB335E /* CopyFiles */,
			);
			buildRules = (
			);
			dependencies = (
			);
			name = day01;
			productName = day01;
			productReference = 64BEBE5C28ACB65100BB335E /* day01 */;
			productType = "com.apple.product-type.tool";
		};
/* End PBXNativeTarget section */

/* Begin PBXProject section */
		64BEBE5428ACB65100BB335E /* Project object */ = {
			isa = PBXProject;
			attributes = {
				BuildIndependentTargetsInParallel = 1;
				LastSwiftUpdateCheck = 1340;
				LastUpgradeCheck = 1340;
				TargetAttributes = {
					64BEBE5B28ACB65100BB335E = {
						CreatedOnToolsVersion = 13.4.1;
					};
				};
			};
			buildConfigurationList = 64BEBE5728ACB65100BB335E /* Build configuration list for PBXProject "day01" */;
			compatibilityVersion = "Xcode 13.0";
			developmentRegion = en;
			hasScannedForEncodings = 0;
			knownRegions = (
				en,
				Base,
			);
			mainGroup = 64BEBE5328ACB65100BB335E;
			productRefGroup = 64BEBE5D28ACB65100BB335E /* Products */;
			projectDirPath = "";
			projectRoot = "";
			targets = (
				64BEBE5B28ACB65100BB335E /* day01 */,
			);
		};
/* End PBXProject section */

/* Begin PBXSourcesBuildPhase section */
		64BEBE5828ACB65100BB335E /* Sources */ = {
			isa = PBXSourcesBuildPhase;
			buildActionMask = 2147483647;
			files = (
				64BEBE6028ACB65100BB335E /* main.swift in Sources */,
				64BEBE7928ACD0BE00BB335E /* Deck2.swift in Sources */,
				64BEBE7328ACC7BC00BB335E /* Card.swift in Sources */,
				64BEBE7628ACCB7400BB335E /* Deck.swift in Sources */,
				64BEBE6828ACB67E00BB335E /* Color.swift in Sources */,
				64BEBE6B28ACB6AC00BB335E /* Value.swift in Sources */,
			);
			runOnlyForDeploymentPostprocessing = 0;
		};
/* End PBXSourcesBuildPhase section */

/* Begin XCBuildConfiguration section */
		64BEBE6128ACB65100BB335E /* Debug */ = {
			isa = XCBuildConfiguration;
			buildSettings = {
				ALWAYS_SEARCH_USER_PATHS = NO;
				CLANG_ANALYZER_NONNULL = YES;
				CLANG_ANALYZER_NUMBER_OBJECT_CONVERSION = YES_AGGRESSIVE;
				CLANG_CXX_LANGUAGE_STANDARD = "gnu++17";
				CLANG_ENABLE_MODULES = YES;
				CLANG_ENABLE_OBJC_ARC = YES;
				CLANG_ENABLE_OBJC_WEAK = YES;
				CLANG_WARN_BLOCK_CAPTURE_AUTORELEASING = YES;
				CLANG_WARN_BOOL_CONVERSION = YES;
				CLANG_WARN_COMMA = YES;
				CLANG_WARN_CONSTANT_CONVERSION = YES;
				CLANG_WARN_DEPRECATED_OBJC_IMPLEMENTATIONS = YES;
				CLANG_WARN_DIRECT_OBJC_ISA_USAGE = YES_ERROR;
				CLANG_WARN_DOCUMENTATION_COMMENTS = YES;
				CLANG_WARN_EMPTY_BODY = YES;
				CLANG_WARN_ENUM_CONVERSION = YES;
				CLANG_WARN_INFINITE_RECURSION = YES;
				CLANG_WARN_INT_CONVERSION = YES;
				CLANG_WARN_NON_LITERAL_NULL_CONVERSION = YES;
				CLANG_WARN_OBJC_IMPLICIT_RETAIN_SELF = YES;
				CLANG_WARN_OBJC_LITERAL_CONVERSION = YES;
				CLANG_WARN_OBJC_ROOT_CLASS = YES_ERROR;
				CLANG_WARN_QUOTED_INCLUDE_IN_FRAMEWORK_HEADER = YES;
				CLANG_WARN_RANGE_LOOP_ANALYSIS = YES;
				CLANG_WARN_STRICT_PROTOTYPES = YES;
				CLANG_WARN_SUSPICIOUS_MOVE = YES;
				CLANG_WARN_UNGUARDED_AVAILABILITY = YES_AGGRESSIVE;
				CLANG_WARN_UNREACHABLE_CODE = YES;
				CLANG_WARN__DUPLICATE_METHOD_MATCH = YES;
				COPY_PHASE_STRIP = NO;
				DEBUG_INFORMATION_FORMAT = dwarf;
				ENABLE_STRICT_OBJC_MSGSEND = YES;
				ENABLE_TESTABILITY = YES;
				GCC_C_LANGUAGE_STANDARD = gnu11;
				GCC_DYNAMIC_NO_PIC = NO;
				GCC_NO_COMMON_BLOCKS = YES;
				GCC_OPTIMIZATION_LEVEL = 0;
				GCC_PREPROCESSOR_DEFINITIONS = (
					"DEBUG=1",
					"$(inherited)",
				);
				GCC_WARN_64_TO_32_BIT_CONVERSION = YES;
				GCC_WARN_ABOUT_RETURN_TYPE = YES_ERROR;
				GCC_WARN_UNDECLARED_SELECTOR = YES;
				GCC_WARN_UNINITIALIZED_AUTOS = YES_AGGRESSIVE;
				GCC_WARN_UNUSED_FUNCTION = YES;
				GCC_WARN_UNUSED_VARIABLE = YES;
				MACOSX_DEPLOYMENT_TARGET = 12.3;
				MTL_ENABLE_DEBUG_INFO = INCLUDE_SOURCE;
				MTL_FAST_MATH = YES;
				ONLY_ACTIVE_ARCH = YES;
				SDKROOT = macosx;
				SWIFT_ACTIVE_COMPILATION_CONDITIONS = DEBUG;
				SWIFT_OPTIMIZATION_LEVEL = "-Onone";
			};
			name = Debug;
		};
		64BEBE6228ACB65100BB335E /* Release */ = {
			isa = XCBuildConfiguration;
			buildSettings = {
				ALWAYS_SEARCH_USER_PATHS = NO;
				CLANG_ANALYZER_NONNULL = YES;
				CLANG_ANALYZER_NUMBER_OBJECT_CONVERSION = YES_AGGRESSIVE;
				CLANG_CXX_LANGUAGE_STANDARD = "gnu++17";
				CLANG_ENABLE_MODULES = YES;
				CLANG_ENABLE_OBJC_ARC = YES;
				CLANG_ENABLE_OBJC_WEAK = YES;
				CLANG_WARN_BLOCK_CAPTURE_AUTORELEASING = YES;
				CLANG_WARN_BOOL_CONVERSION = YES;
				CLANG_WARN_COMMA = YES;
				CLANG_WARN_CONSTANT_CONVERSION = YES;
				CLANG_WARN_DEPRECATED_OBJC_IMPLEMENTATIONS = YES;
				CLANG_WARN_DIRECT_OBJC_ISA_USAGE = YES_ERROR;
				CLANG_WARN_DOCUMENTATION_COMMENTS = YES;
				CLANG_WARN_EMPTY_BODY = YES;
				CLANG_WARN_ENUM_CONVERSION = YES;
				CLANG_WARN_INFINITE_RECURSION = YES;
				CLANG_WARN_INT_CONVERSION = YES;
				CLANG_WARN_NON_LITERAL_NULL_CONVERSION = YES;
				CLANG_WARN_OBJC_IMPLICIT_RETAIN_SELF = YES;
				CLANG_WARN_OBJC_LITERAL_CONVERSION = YES;
				CLANG_WARN_OBJC_ROOT_CLASS = YES_ERROR;
				CLANG_WARN_QUOTED_INCLUDE_IN_FRAMEWORK_HEADER = YES;
				CLANG_WARN_RANGE_LOOP_ANALYSIS = YES;
				CLANG_WARN_STRICT_PROTOTYPES = YES;
				CLANG_WARN_SUSPICIOUS_MOVE = YES;
				CLANG_WARN_UNGUARDED_AVAILABILITY = YES_AGGRESSIVE;
				CLANG_WARN_UNREACHABLE_CODE = YES;
				CLANG_WARN__DUPLICATE_METHOD_MATCH = YES;
				COPY_PHASE_STRIP = NO;
				DEBUG_INFORMATION_FORMAT = "dwarf-with-dsym";
				ENABLE_NS_ASSERTIONS = NO;
				ENABLE_STRICT_OBJC_MSGSEND = YES;
				GCC_C_LANGUAGE_STANDARD = gnu11;
				GCC_NO_COMMON_BLOCKS = YES;
				GCC_WARN_64_TO_32_BIT_CONVERSION = YES;
				GCC_WARN_ABOUT_RETURN_TYPE = YES_ERROR;
				GCC_WARN_UNDECLARED_SELECTOR = YES;
				GCC_WARN_UNINITIALIZED_AUTOS = YES_AGGRESSIVE;
				GCC_WARN_UNUSED_FUNCTION = YES;
				GCC_WARN_UNUSED_VARIABLE = YES;
				MACOSX_DEPLOYMENT_TARGET = 12.3;
				MTL_ENABLE_DEBUG_INFO = NO;
				MTL_FAST_MATH = YES;
				SDKROOT = macosx;
				SWIFT_COMPILATION_MODE = wholemodule;
				SWIFT_OPTIMIZATION_LEVEL = "-O";
			};
			name = Release;
		};
		64BEBE6428ACB65100BB335E /* Debug */ = {
			isa = XCBuildConfiguration;
			buildSettings = {
				CODE_SIGN_STYLE = Automatic;
				DEVELOPMENT_TEAM = 8CB4B27BA3;
				ENABLE_HARDENED_RUNTIME = YES;
				PRODUCT_NAME = "$(TARGET_NAME)";
				SWIFT_VERSION = 5.0;
			};
			name = Debug;
		};
		64BEBE6528ACB65100BB335E /* Release */ = {
			isa = XCBuildConfiguration;
			buildSettings = {
				CODE_SIGN_STYLE = Automatic;
				DEVELOPMENT_TEAM = 8CB4B27BA3;
				ENABLE_HARDENED_RUNTIME = YES;
				PRODUCT_NAME = "$(TARGET_NAME)";
				SWIFT_VERSION = 5.0;
			};
			name = Release;
		};
/* End XCBuildConfiguration section */

/* Begin XCConfigurationList section */
		64BEBE5728ACB65100BB335E /* Build configuration list for PBXProject "day01" */ = {
			isa = XCConfigurationList;
			buildConfigurations = (
				64BEBE6128ACB65100BB335E /* Debug */,
				64BEBE6228ACB65100BB335E /* Release */,
			);
			defaultConfigurationIsVisible = 0;
			defaultConfigurationName = Release;
		};
		64BEBE6328ACB65100BB335E /* Build configuration list for PBXNativeTarget "day01" */ = {
			isa = XCConfigurationList;
			buildConfigurations = (
				64BEBE6428ACB65100BB335E /* Debug */,
				64BEBE6528ACB65100BB335E /* Release */,
			);
			defaultConfigurationIsVisible = 0;
			defaultConfigurationName = Release;
		};
/* End XCConfigurationList section */
	};
	rootObject = 64BEBE5428ACB65100BB335E /* Project object */;
}
