// !$*UTF8*$!
{
	archiveVersion = 1;
	classes = {
	};
	objectVersion = 55;
	objects = {

/* Begin PBXBuildFile section */
		A1970DF028B7388B00CDD1A5 /* AppDelegate.swift in Sources */ = {isa = PBXBuildFile; fileRef = A1970DEF28B7388B00CDD1A5 /* AppDelegate.swift */; };
		A1970DF228B7388B00CDD1A5 /* SceneDelegate.swift in Sources */ = {isa = PBXBuildFile; fileRef = A1970DF128B7388B00CDD1A5 /* SceneDelegate.swift */; };
		A1970DF428B7388B00CDD1A5 /* ViewController.swift in Sources */ = {isa = PBXBuildFile; fileRef = A1970DF328B7388B00CDD1A5 /* ViewController.swift */; };
		A1970DF728B7388B00CDD1A5 /* Main.storyboard in Resources */ = {isa = PBXBuildFile; fileRef = A1970DF528B7388B00CDD1A5 /* Main.storyboard */; };
		A1970DF928B7388C00CDD1A5 /* Assets.xcassets in Resources */ = {isa = PBXBuildFile; fileRef = A1970DF828B7388C00CDD1A5 /* Assets.xcassets */; };
		A1970DFC28B7388C00CDD1A5 /* LaunchScreen.storyboard in Resources */ = {isa = PBXBuildFile; fileRef = A1970DFA28B7388C00CDD1A5 /* LaunchScreen.storyboard */; };
		EBD3B2BB35B5D6FF18DB8F87 /* Pods_day07_API.framework in Frameworks */ = {isa = PBXBuildFile; fileRef = 453D1AFFD3AB8E5B480E3917 /* Pods_day07_API.framework */; };
/* End PBXBuildFile section */

/* Begin PBXFileReference section */
		453D1AFFD3AB8E5B480E3917 /* Pods_day07_API.framework */ = {isa = PBXFileReference; explicitFileType = wrapper.framework; includeInIndex = 0; path = Pods_day07_API.framework; sourceTree = BUILT_PRODUCTS_DIR; };
		8CFA28F25329B0E0F73B23A4 /* Pods-day07-API.release.xcconfig */ = {isa = PBXFileReference; includeInIndex = 1; lastKnownFileType = text.xcconfig; name = "Pods-day07-API.release.xcconfig"; path = "Target Support Files/Pods-day07-API/Pods-day07-API.release.xcconfig"; sourceTree = "<group>"; };
		A1970DEC28B7388B00CDD1A5 /* day07-API.app */ = {isa = PBXFileReference; explicitFileType = wrapper.application; includeInIndex = 0; path = "day07-API.app"; sourceTree = BUILT_PRODUCTS_DIR; };
		A1970DEF28B7388B00CDD1A5 /* AppDelegate.swift */ = {isa = PBXFileReference; lastKnownFileType = sourcecode.swift; path = AppDelegate.swift; sourceTree = "<group>"; };
		A1970DF128B7388B00CDD1A5 /* SceneDelegate.swift */ = {isa = PBXFileReference; lastKnownFileType = sourcecode.swift; path = SceneDelegate.swift; sourceTree = "<group>"; };
		A1970DF328B7388B00CDD1A5 /* ViewController.swift */ = {isa = PBXFileReference; lastKnownFileType = sourcecode.swift; path = ViewController.swift; sourceTree = "<group>"; };
		A1970DF628B7388B00CDD1A5 /* Base */ = {isa = PBXFileReference; lastKnownFileType = file.storyboard; name = Base; path = Base.lproj/Main.storyboard; sourceTree = "<group>"; };
		A1970DF828B7388C00CDD1A5 /* Assets.xcassets */ = {isa = PBXFileReference; lastKnownFileType = folder.assetcatalog; path = Assets.xcassets; sourceTree = "<group>"; };
		A1970DFB28B7388C00CDD1A5 /* Base */ = {isa = PBXFileReference; lastKnownFileType = file.storyboard; name = Base; path = Base.lproj/LaunchScreen.storyboard; sourceTree = "<group>"; };
		A1970DFD28B7388C00CDD1A5 /* Info.plist */ = {isa = PBXFileReference; lastKnownFileType = text.plist.xml; path = Info.plist; sourceTree = "<group>"; };
		ABA34CCD353F52A1616E14FA /* Pods-day07-API.debug.xcconfig */ = {isa = PBXFileReference; includeInIndex = 1; lastKnownFileType = text.xcconfig; name = "Pods-day07-API.debug.xcconfig"; path = "Target Support Files/Pods-day07-API/Pods-day07-API.debug.xcconfig"; sourceTree = "<group>"; };
/* End PBXFileReference section */

/* Begin PBXFrameworksBuildPhase section */
		A1970DE928B7388B00CDD1A5 /* Frameworks */ = {
			isa = PBXFrameworksBuildPhase;
			buildActionMask = 2147483647;
			files = (
				EBD3B2BB35B5D6FF18DB8F87 /* Pods_day07_API.framework in Frameworks */,
			);
			runOnlyForDeploymentPostprocessing = 0;
		};
/* End PBXFrameworksBuildPhase section */

/* Begin PBXGroup section */
		45BC30EB3ECD46833400C13A /* Pods */ = {
			isa = PBXGroup;
			children = (
				ABA34CCD353F52A1616E14FA /* Pods-day07-API.debug.xcconfig */,
				8CFA28F25329B0E0F73B23A4 /* Pods-day07-API.release.xcconfig */,
			);
			name = Pods;
			path = Pods;
			sourceTree = "<group>";
		};
		A1970DE328B7388B00CDD1A5 = {
			isa = PBXGroup;
			children = (
				A1970DEE28B7388B00CDD1A5 /* day07-API */,
				A1970DED28B7388B00CDD1A5 /* Products */,
				45BC30EB3ECD46833400C13A /* Pods */,
				CC01BA32B495A42DDECD79B1 /* Frameworks */,
			);
			sourceTree = "<group>";
		};
		A1970DED28B7388B00CDD1A5 /* Products */ = {
			isa = PBXGroup;
			children = (
				A1970DEC28B7388B00CDD1A5 /* day07-API.app */,
			);
			name = Products;
			sourceTree = "<group>";
		};
		A1970DEE28B7388B00CDD1A5 /* day07-API */ = {
			isa = PBXGroup;
			children = (
				A1970DEF28B7388B00CDD1A5 /* AppDelegate.swift */,
				A1970DF128B7388B00CDD1A5 /* SceneDelegate.swift */,
				A1970DF328B7388B00CDD1A5 /* ViewController.swift */,
				A1970DF528B7388B00CDD1A5 /* Main.storyboard */,
				A1970DF828B7388C00CDD1A5 /* Assets.xcassets */,
				A1970DFA28B7388C00CDD1A5 /* LaunchScreen.storyboard */,
				A1970DFD28B7388C00CDD1A5 /* Info.plist */,
			);
			path = "day07-API";
			sourceTree = "<group>";
		};
		CC01BA32B495A42DDECD79B1 /* Frameworks */ = {
			isa = PBXGroup;
			children = (
				453D1AFFD3AB8E5B480E3917 /* Pods_day07_API.framework */,
			);
			name = Frameworks;
			sourceTree = "<group>";
		};
/* End PBXGroup section */

/* Begin PBXNativeTarget section */
		A1970DEB28B7388B00CDD1A5 /* day07-API */ = {
			isa = PBXNativeTarget;
			buildConfigurationList = A1970E0028B7388C00CDD1A5 /* Build configuration list for PBXNativeTarget "day07-API" */;
			buildPhases = (
				274916087314C3934B392B07 /* [CP] Check Pods Manifest.lock */,
				A1970DE828B7388B00CDD1A5 /* Sources */,
				A1970DE928B7388B00CDD1A5 /* Frameworks */,
				A1970DEA28B7388B00CDD1A5 /* Resources */,
				C0E1D8650D76CBAB780BF2A6 /* [CP] Embed Pods Frameworks */,
			);
			buildRules = (
			);
			dependencies = (
			);
			name = "day07-API";
			productName = "day07-API";
			productReference = A1970DEC28B7388B00CDD1A5 /* day07-API.app */;
			productType = "com.apple.product-type.application";
		};
/* End PBXNativeTarget section */

/* Begin PBXProject section */
		A1970DE428B7388B00CDD1A5 /* Project object */ = {
			isa = PBXProject;
			attributes = {
				BuildIndependentTargetsInParallel = 1;
				LastSwiftUpdateCheck = 1340;
				LastUpgradeCheck = 1340;
				TargetAttributes = {
					A1970DEB28B7388B00CDD1A5 = {
						CreatedOnToolsVersion = 13.4.1;
					};
				};
			};
			buildConfigurationList = A1970DE728B7388B00CDD1A5 /* Build configuration list for PBXProject "day07-API" */;
			compatibilityVersion = "Xcode 13.0";
			developmentRegion = en;
			hasScannedForEncodings = 0;
			knownRegions = (
				en,
				Base,
			);
			mainGroup = A1970DE328B7388B00CDD1A5;
			productRefGroup = A1970DED28B7388B00CDD1A5 /* Products */;
			projectDirPath = "";
			projectRoot = "";
			targets = (
				A1970DEB28B7388B00CDD1A5 /* day07-API */,
			);
		};
/* End PBXProject section */

/* Begin PBXResourcesBuildPhase section */
		A1970DEA28B7388B00CDD1A5 /* Resources */ = {
			isa = PBXResourcesBuildPhase;
			buildActionMask = 2147483647;
			files = (
				A1970DFC28B7388C00CDD1A5 /* LaunchScreen.storyboard in Resources */,
				A1970DF928B7388C00CDD1A5 /* Assets.xcassets in Resources */,
				A1970DF728B7388B00CDD1A5 /* Main.storyboard in Resources */,
			);
			runOnlyForDeploymentPostprocessing = 0;
		};
/* End PBXResourcesBuildPhase section */

/* Begin PBXShellScriptBuildPhase section */
		274916087314C3934B392B07 /* [CP] Check Pods Manifest.lock */ = {
			isa = PBXShellScriptBuildPhase;
			buildActionMask = 2147483647;
			files = (
			);
			inputFileListPaths = (
			);
			inputPaths = (
				"${PODS_PODFILE_DIR_PATH}/Podfile.lock",
				"${PODS_ROOT}/Manifest.lock",
			);
			name = "[CP] Check Pods Manifest.lock";
			outputFileListPaths = (
			);
			outputPaths = (
				"$(DERIVED_FILE_DIR)/Pods-day07-API-checkManifestLockResult.txt",
			);
			runOnlyForDeploymentPostprocessing = 0;
			shellPath = /bin/sh;
			shellScript = "diff \"${PODS_PODFILE_DIR_PATH}/Podfile.lock\" \"${PODS_ROOT}/Manifest.lock\" > /dev/null\nif [ $? != 0 ] ; then\n    # print error to STDERR\n    echo \"error: The sandbox is not in sync with the Podfile.lock. Run 'pod install' or update your CocoaPods installation.\" >&2\n    exit 1\nfi\n# This output is used by Xcode 'outputs' to avoid re-running this script phase.\necho \"SUCCESS\" > \"${SCRIPT_OUTPUT_FILE_0}\"\n";
			showEnvVarsInLog = 0;
		};
		C0E1D8650D76CBAB780BF2A6 /* [CP] Embed Pods Frameworks */ = {
			isa = PBXShellScriptBuildPhase;
			buildActionMask = 2147483647;
			files = (
			);
			inputFileListPaths = (
				"${PODS_ROOT}/Target Support Files/Pods-day07-API/Pods-day07-API-frameworks-${CONFIGURATION}-input-files.xcfilelist",
			);
			name = "[CP] Embed Pods Frameworks";
			outputFileListPaths = (
				"${PODS_ROOT}/Target Support Files/Pods-day07-API/Pods-day07-API-frameworks-${CONFIGURATION}-output-files.xcfilelist",
			);
			runOnlyForDeploymentPostprocessing = 0;
			shellPath = /bin/sh;
			shellScript = "\"${PODS_ROOT}/Target Support Files/Pods-day07-API/Pods-day07-API-frameworks.sh\"\n";
			showEnvVarsInLog = 0;
		};
/* End PBXShellScriptBuildPhase section */

/* Begin PBXSourcesBuildPhase section */
		A1970DE828B7388B00CDD1A5 /* Sources */ = {
			isa = PBXSourcesBuildPhase;
			buildActionMask = 2147483647;
			files = (
				A1970DF428B7388B00CDD1A5 /* ViewController.swift in Sources */,
				A1970DF028B7388B00CDD1A5 /* AppDelegate.swift in Sources */,
				A1970DF228B7388B00CDD1A5 /* SceneDelegate.swift in Sources */,
			);
			runOnlyForDeploymentPostprocessing = 0;
		};
/* End PBXSourcesBuildPhase section */

/* Begin PBXVariantGroup section */
		A1970DF528B7388B00CDD1A5 /* Main.storyboard */ = {
			isa = PBXVariantGroup;
			children = (
				A1970DF628B7388B00CDD1A5 /* Base */,
			);
			name = Main.storyboard;
			sourceTree = "<group>";
		};
		A1970DFA28B7388C00CDD1A5 /* LaunchScreen.storyboard */ = {
			isa = PBXVariantGroup;
			children = (
				A1970DFB28B7388C00CDD1A5 /* Base */,
			);
			name = LaunchScreen.storyboard;
			sourceTree = "<group>";
		};
/* End PBXVariantGroup section */

/* Begin XCBuildConfiguration section */
		A1970DFE28B7388C00CDD1A5 /* Debug */ = {
			isa = XCBuildConfiguration;
			buildSettings = {
				ALWAYS_SEARCH_USER_PATHS = NO;
				CLANG_ANALYZER_NONNULL = YES;
				CLANG_ANALYZER_NUMBER_OBJECT_CONVERSION = YES_AGGRESSIVE;
				CLANG_CXX_LANGUAGE_STANDARD = "gnu++17";
				CLANG_ENABLE_MODULES = YES;
				CLANG_ENABLE_OBJC_ARC = YES;
				CLANG_ENABLE_OBJC_WEAK = YES;
				CLANG_WARN_BLOCK_CAPTURE_AUTORELEASING = YES;
				CLANG_WARN_BOOL_CONVERSION = YES;
				CLANG_WARN_COMMA = YES;
				CLANG_WARN_CONSTANT_CONVERSION = YES;
				CLANG_WARN_DEPRECATED_OBJC_IMPLEMENTATIONS = YES;
				CLANG_WARN_DIRECT_OBJC_ISA_USAGE = YES_ERROR;
				CLANG_WARN_DOCUMENTATION_COMMENTS = YES;
				CLANG_WARN_EMPTY_BODY = YES;
				CLANG_WARN_ENUM_CONVERSION = YES;
				CLANG_WARN_INFINITE_RECURSION = YES;
				CLANG_WARN_INT_CONVERSION = YES;
				CLANG_WARN_NON_LITERAL_NULL_CONVERSION = YES;
				CLANG_WARN_OBJC_IMPLICIT_RETAIN_SELF = YES;
				CLANG_WARN_OBJC_LITERAL_CONVERSION = YES;
				CLANG_WARN_OBJC_ROOT_CLASS = YES_ERROR;
				CLANG_WARN_QUOTED_INCLUDE_IN_FRAMEWORK_HEADER = YES;
				CLANG_WARN_RANGE_LOOP_ANALYSIS = YES;
				CLANG_WARN_STRICT_PROTOTYPES = YES;
				CLANG_WARN_SUSPICIOUS_MOVE = YES;
				CLANG_WARN_UNGUARDED_AVAILABILITY = YES_AGGRESSIVE;
				CLANG_WARN_UNREACHABLE_CODE = YES;
				CLANG_WARN__DUPLICATE_METHOD_MATCH = YES;
				COPY_PHASE_STRIP = NO;
				DEBUG_INFORMATION_FORMAT = dwarf;
				ENABLE_STRICT_OBJC_MSGSEND = YES;
				ENABLE_TESTABILITY = YES;
				GCC_C_LANGUAGE_STANDARD = gnu11;
				GCC_DYNAMIC_NO_PIC = NO;
				GCC_NO_COMMON_BLOCKS = YES;
				GCC_OPTIMIZATION_LEVEL = 0;
				GCC_PREPROCESSOR_DEFINITIONS = (
					"DEBUG=1",
					"$(inherited)",
				);
				GCC_WARN_64_TO_32_BIT_CONVERSION = YES;
				GCC_WARN_ABOUT_RETURN_TYPE = YES_ERROR;
				GCC_WARN_UNDECLARED_SELECTOR = YES;
				GCC_WARN_UNINITIALIZED_AUTOS = YES_AGGRESSIVE;
				GCC_WARN_UNUSED_FUNCTION = YES;
				GCC_WARN_UNUSED_VARIABLE = YES;
				IPHONEOS_DEPLOYMENT_TARGET = 15.5;
				MTL_ENABLE_DEBUG_INFO = INCLUDE_SOURCE;
				MTL_FAST_MATH = YES;
				ONLY_ACTIVE_ARCH = YES;
				SDKROOT = iphoneos;
				SWIFT_ACTIVE_COMPILATION_CONDITIONS = DEBUG;
				SWIFT_OPTIMIZATION_LEVEL = "-Onone";
			};
			name = Debug;
		};
		A1970DFF28B7388C00CDD1A5 /* Release */ = {
			isa = XCBuildConfiguration;
			buildSettings = {
				ALWAYS_SEARCH_USER_PATHS = NO;
				CLANG_ANALYZER_NONNULL = YES;
				CLANG_ANALYZER_NUMBER_OBJECT_CONVERSION = YES_AGGRESSIVE;
				CLANG_CXX_LANGUAGE_STANDARD = "gnu++17";
				CLANG_ENABLE_MODULES = YES;
				CLANG_ENABLE_OBJC_ARC = YES;
				CLANG_ENABLE_OBJC_WEAK = YES;
				CLANG_WARN_BLOCK_CAPTURE_AUTORELEASING = YES;
				CLANG_WARN_BOOL_CONVERSION = YES;
				CLANG_WARN_COMMA = YES;
				CLANG_WARN_CONSTANT_CONVERSION = YES;
				CLANG_WARN_DEPRECATED_OBJC_IMPLEMENTATIONS = YES;
				CLANG_WARN_DIRECT_OBJC_ISA_USAGE = YES_ERROR;
				CLANG_WARN_DOCUMENTATION_COMMENTS = YES;
				CLANG_WARN_EMPTY_BODY = YES;
				CLANG_WARN_ENUM_CONVERSION = YES;
				CLANG_WARN_INFINITE_RECURSION = YES;
				CLANG_WARN_INT_CONVERSION = YES;
				CLANG_WARN_NON_LITERAL_NULL_CONVERSION = YES;
				CLANG_WARN_OBJC_IMPLICIT_RETAIN_SELF = YES;
				CLANG_WARN_OBJC_LITERAL_CONVERSION = YES;
				CLANG_WARN_OBJC_ROOT_CLASS = YES_ERROR;
				CLANG_WARN_QUOTED_INCLUDE_IN_FRAMEWORK_HEADER = YES;
				CLANG_WARN_RANGE_LOOP_ANALYSIS = YES;
				CLANG_WARN_STRICT_PROTOTYPES = YES;
				CLANG_WARN_SUSPICIOUS_MOVE = YES;
				CLANG_WARN_UNGUARDED_AVAILABILITY = YES_AGGRESSIVE;
				CLANG_WARN_UNREACHABLE_CODE = YES;
				CLANG_WARN__DUPLICATE_METHOD_MATCH = YES;
				COPY_PHASE_STRIP = NO;
				DEBUG_INFORMATION_FORMAT = "dwarf-with-dsym";
				ENABLE_NS_ASSERTIONS = NO;
				ENABLE_STRICT_OBJC_MSGSEND = YES;
				GCC_C_LANGUAGE_STANDARD = gnu11;
				GCC_NO_COMMON_BLOCKS = YES;
				GCC_WARN_64_TO_32_BIT_CONVERSION = YES;
				GCC_WARN_ABOUT_RETURN_TYPE = YES_ERROR;
				GCC_WARN_UNDECLARED_SELECTOR = YES;
				GCC_WARN_UNINITIALIZED_AUTOS = YES_AGGRESSIVE;
				GCC_WARN_UNUSED_FUNCTION = YES;
				GCC_WARN_UNUSED_VARIABLE = YES;
				IPHONEOS_DEPLOYMENT_TARGET = 15.5;
				MTL_ENABLE_DEBUG_INFO = NO;
				MTL_FAST_MATH = YES;
				SDKROOT = iphoneos;
				SWIFT_COMPILATION_MODE = wholemodule;
				SWIFT_OPTIMIZATION_LEVEL = "-O";
				VALIDATE_PRODUCT = YES;
			};
			name = Release;
		};
		A1970E0128B7388C00CDD1A5 /* Debug */ = {
			isa = XCBuildConfiguration;
			baseConfigurationReference = ABA34CCD353F52A1616E14FA /* Pods-day07-API.debug.xcconfig */;
			buildSettings = {
				ASSETCATALOG_COMPILER_APPICON_NAME = AppIcon;
				ASSETCATALOG_COMPILER_GLOBAL_ACCENT_COLOR_NAME = AccentColor;
				CODE_SIGN_STYLE = Automatic;
				CURRENT_PROJECT_VERSION = 1;
				DEVELOPMENT_TEAM = VBHJCPK49S;
				GENERATE_INFOPLIST_FILE = YES;
				INFOPLIST_FILE = "day07-API/Info.plist";
				INFOPLIST_KEY_UIApplicationSupportsIndirectInputEvents = YES;
				INFOPLIST_KEY_UILaunchStoryboardName = LaunchScreen;
				INFOPLIST_KEY_UIMainStoryboardFile = Main;
				INFOPLIST_KEY_UISupportedInterfaceOrientations_iPad = "UIInterfaceOrientationPortrait UIInterfaceOrientationPortraitUpsideDown UIInterfaceOrientationLandscapeLeft UIInterfaceOrientationLandscapeRight";
				INFOPLIST_KEY_UISupportedInterfaceOrientations_iPhone = "UIInterfaceOrientationPortrait UIInterfaceOrientationLandscapeLeft UIInterfaceOrientationLandscapeRight";
				LD_RUNPATH_SEARCH_PATHS = (
					"$(inherited)",
					"@executable_path/Frameworks",
				);
				MARKETING_VERSION = 1.0;
				PRODUCT_BUNDLE_IDENTIFIER = "kyujin.day07-API";
				PRODUCT_NAME = "$(TARGET_NAME)";
				SWIFT_EMIT_LOC_STRINGS = YES;
				SWIFT_VERSION = 5.0;
				TARGETED_DEVICE_FAMILY = "1,2";
			};
			name = Debug;
		};
		A1970E0228B7388C00CDD1A5 /* Release */ = {
			isa = XCBuildConfiguration;
			baseConfigurationReference = 8CFA28F25329B0E0F73B23A4 /* Pods-day07-API.release.xcconfig */;
			buildSettings = {
				ASSETCATALOG_COMPILER_APPICON_NAME = AppIcon;
				ASSETCATALOG_COMPILER_GLOBAL_ACCENT_COLOR_NAME = AccentColor;
				CODE_SIGN_STYLE = Automatic;
				CURRENT_PROJECT_VERSION = 1;
				DEVELOPMENT_TEAM = VBHJCPK49S;
				GENERATE_INFOPLIST_FILE = YES;
				INFOPLIST_FILE = "day07-API/Info.plist";
				INFOPLIST_KEY_UIApplicationSupportsIndirectInputEvents = YES;
				INFOPLIST_KEY_UILaunchStoryboardName = LaunchScreen;
				INFOPLIST_KEY_UIMainStoryboardFile = Main;
				INFOPLIST_KEY_UISupportedInterfaceOrientations_iPad = "UIInterfaceOrientationPortrait UIInterfaceOrientationPortraitUpsideDown UIInterfaceOrientationLandscapeLeft UIInterfaceOrientationLandscapeRight";
				INFOPLIST_KEY_UISupportedInterfaceOrientations_iPhone = "UIInterfaceOrientationPortrait UIInterfaceOrientationLandscapeLeft UIInterfaceOrientationLandscapeRight";
				LD_RUNPATH_SEARCH_PATHS = (
					"$(inherited)",
					"@executable_path/Frameworks",
				);
				MARKETING_VERSION = 1.0;
				PRODUCT_BUNDLE_IDENTIFIER = "kyujin.day07-API";
				PRODUCT_NAME = "$(TARGET_NAME)";
				SWIFT_EMIT_LOC_STRINGS = YES;
				SWIFT_VERSION = 5.0;
				TARGETED_DEVICE_FAMILY = "1,2";
			};
			name = Release;
		};
/* End XCBuildConfiguration section */

/* Begin XCConfigurationList section */
		A1970DE728B7388B00CDD1A5 /* Build configuration list for PBXProject "day07-API" */ = {
			isa = XCConfigurationList;
			buildConfigurations = (
				A1970DFE28B7388C00CDD1A5 /* Debug */,
				A1970DFF28B7388C00CDD1A5 /* Release */,
			);
			defaultConfigurationIsVisible = 0;
			defaultConfigurationName = Release;
		};
		A1970E0028B7388C00CDD1A5 /* Build configuration list for PBXNativeTarget "day07-API" */ = {
			isa = XCConfigurationList;
			buildConfigurations = (
				A1970E0128B7388C00CDD1A5 /* Debug */,
				A1970E0228B7388C00CDD1A5 /* Release */,
			);
			defaultConfigurationIsVisible = 0;
			defaultConfigurationName = Release;
		};
/* End XCConfigurationList section */
	};
	rootObject = A1970DE428B7388B00CDD1A5 /* Project object */;
}
