// !$*UTF8*$!
{
	archiveVersion = 1;
	classes = {
	};
	objectVersion = 55;
	objects = {

/* Begin PBXBuildFile section */
		A1226FB828ABAFAB00E9C917 /* Calculator.swift in Sources */ = {isa = PBXBuildFile; fileRef = A1226FB728ABAFAB00E9C917 /* Calculator.swift */; };
		A17FD37728AB9A01000CE4E4 /* AppDelegate.swift in Sources */ = {isa = PBXBuildFile; fileRef = A17FD37628AB9A01000CE4E4 /* AppDelegate.swift */; };
		A17FD37928AB9A01000CE4E4 /* SceneDelegate.swift in Sources */ = {isa = PBXBuildFile; fileRef = A17FD37828AB9A01000CE4E4 /* SceneDelegate.swift */; };
		A17FD37B28AB9A01000CE4E4 /* ViewController.swift in Sources */ = {isa = PBXBuildFile; fileRef = A17FD37A28AB9A01000CE4E4 /* ViewController.swift */; };
		A17FD37E28AB9A01000CE4E4 /* Main.storyboard in Resources */ = {isa = PBXBuildFile; fileRef = A17FD37C28AB9A01000CE4E4 /* Main.storyboard */; };
		A17FD38028AB9A03000CE4E4 /* Assets.xcassets in Resources */ = {isa = PBXBuildFile; fileRef = A17FD37F28AB9A03000CE4E4 /* Assets.xcassets */; };
		A17FD38328AB9A03000CE4E4 /* LaunchScreen.storyboard in Resources */ = {isa = PBXBuildFile; fileRef = A17FD38128AB9A03000CE4E4 /* LaunchScreen.storyboard */; };
		A17FD38E28AB9A03000CE4E4 /* D00Tests.swift in Sources */ = {isa = PBXBuildFile; fileRef = A17FD38D28AB9A03000CE4E4 /* D00Tests.swift */; };
		A17FD39828AB9A03000CE4E4 /* D00UITests.swift in Sources */ = {isa = PBXBuildFile; fileRef = A17FD39728AB9A03000CE4E4 /* D00UITests.swift */; };
		A17FD39A28AB9A03000CE4E4 /* D00UITestsLaunchTests.swift in Sources */ = {isa = PBXBuildFile; fileRef = A17FD39928AB9A03000CE4E4 /* D00UITestsLaunchTests.swift */; };
		A17FD3A828ABA8AF000CE4E4 /* Ex01VC.swift in Sources */ = {isa = PBXBuildFile; fileRef = A17FD3A728ABA8AF000CE4E4 /* Ex01VC.swift */; };
/* End PBXBuildFile section */

/* Begin PBXContainerItemProxy section */
		A17FD38A28AB9A03000CE4E4 /* PBXContainerItemProxy */ = {
			isa = PBXContainerItemProxy;
			containerPortal = A17FD36B28AB9A01000CE4E4 /* Project object */;
			proxyType = 1;
			remoteGlobalIDString = A17FD37228AB9A01000CE4E4;
			remoteInfo = D00;
		};
		A17FD39428AB9A03000CE4E4 /* PBXContainerItemProxy */ = {
			isa = PBXContainerItemProxy;
			containerPortal = A17FD36B28AB9A01000CE4E4 /* Project object */;
			proxyType = 1;
			remoteGlobalIDString = A17FD37228AB9A01000CE4E4;
			remoteInfo = D00;
		};
/* End PBXContainerItemProxy section */

/* Begin PBXFileReference section */
		A1226FB728ABAFAB00E9C917 /* Calculator.swift */ = {isa = PBXFileReference; lastKnownFileType = sourcecode.swift; path = Calculator.swift; sourceTree = "<group>"; };
		A17FD37328AB9A01000CE4E4 /* D00.app */ = {isa = PBXFileReference; explicitFileType = wrapper.application; includeInIndex = 0; path = D00.app; sourceTree = BUILT_PRODUCTS_DIR; };
		A17FD37628AB9A01000CE4E4 /* AppDelegate.swift */ = {isa = PBXFileReference; lastKnownFileType = sourcecode.swift; path = AppDelegate.swift; sourceTree = "<group>"; };
		A17FD37828AB9A01000CE4E4 /* SceneDelegate.swift */ = {isa = PBXFileReference; lastKnownFileType = sourcecode.swift; path = SceneDelegate.swift; sourceTree = "<group>"; };
		A17FD37A28AB9A01000CE4E4 /* ViewController.swift */ = {isa = PBXFileReference; lastKnownFileType = sourcecode.swift; path = ViewController.swift; sourceTree = "<group>"; };
		A17FD37D28AB9A01000CE4E4 /* Base */ = {isa = PBXFileReference; lastKnownFileType = file.storyboard; name = Base; path = Base.lproj/Main.storyboard; sourceTree = "<group>"; };
		A17FD37F28AB9A03000CE4E4 /* Assets.xcassets */ = {isa = PBXFileReference; lastKnownFileType = folder.assetcatalog; path = Assets.xcassets; sourceTree = "<group>"; };
		A17FD38228AB9A03000CE4E4 /* Base */ = {isa = PBXFileReference; lastKnownFileType = file.storyboard; name = Base; path = Base.lproj/LaunchScreen.storyboard; sourceTree = "<group>"; };
		A17FD38428AB9A03000CE4E4 /* Info.plist */ = {isa = PBXFileReference; lastKnownFileType = text.plist.xml; path = Info.plist; sourceTree = "<group>"; };
		A17FD38928AB9A03000CE4E4 /* D00Tests.xctest */ = {isa = PBXFileReference; explicitFileType = wrapper.cfbundle; includeInIndex = 0; path = D00Tests.xctest; sourceTree = BUILT_PRODUCTS_DIR; };
		A17FD38D28AB9A03000CE4E4 /* D00Tests.swift */ = {isa = PBXFileReference; lastKnownFileType = sourcecode.swift; path = D00Tests.swift; sourceTree = "<group>"; };
		A17FD39328AB9A03000CE4E4 /* D00UITests.xctest */ = {isa = PBXFileReference; explicitFileType = wrapper.cfbundle; includeInIndex = 0; path = D00UITests.xctest; sourceTree = BUILT_PRODUCTS_DIR; };
		A17FD39728AB9A03000CE4E4 /* D00UITests.swift */ = {isa = PBXFileReference; lastKnownFileType = sourcecode.swift; path = D00UITests.swift; sourceTree = "<group>"; };
		A17FD39928AB9A03000CE4E4 /* D00UITestsLaunchTests.swift */ = {isa = PBXFileReference; lastKnownFileType = sourcecode.swift; path = D00UITestsLaunchTests.swift; sourceTree = "<group>"; };
		A17FD3A728ABA8AF000CE4E4 /* Ex01VC.swift */ = {isa = PBXFileReference; lastKnownFileType = sourcecode.swift; path = Ex01VC.swift; sourceTree = "<group>"; };
/* End PBXFileReference section */

/* Begin PBXFrameworksBuildPhase section */
		A17FD37028AB9A01000CE4E4 /* Frameworks */ = {
			isa = PBXFrameworksBuildPhase;
			buildActionMask = 2147483647;
			files = (
			);
			runOnlyForDeploymentPostprocessing = 0;
		};
		A17FD38628AB9A03000CE4E4 /* Frameworks */ = {
			isa = PBXFrameworksBuildPhase;
			buildActionMask = 2147483647;
			files = (
			);
			runOnlyForDeploymentPostprocessing = 0;
		};
		A17FD39028AB9A03000CE4E4 /* Frameworks */ = {
			isa = PBXFrameworksBuildPhase;
			buildActionMask = 2147483647;
			files = (
			);
			runOnlyForDeploymentPostprocessing = 0;
		};
/* End PBXFrameworksBuildPhase section */

/* Begin PBXGroup section */
		A17FD36A28AB9A01000CE4E4 = {
			isa = PBXGroup;
			children = (
				A17FD37528AB9A01000CE4E4 /* D00 */,
				A17FD38C28AB9A03000CE4E4 /* D00Tests */,
				A17FD39628AB9A03000CE4E4 /* D00UITests */,
				A17FD37428AB9A01000CE4E4 /* Products */,
			);
			sourceTree = "<group>";
		};
		A17FD37428AB9A01000CE4E4 /* Products */ = {
			isa = PBXGroup;
			children = (
				A17FD37328AB9A01000CE4E4 /* D00.app */,
				A17FD38928AB9A03000CE4E4 /* D00Tests.xctest */,
				A17FD39328AB9A03000CE4E4 /* D00UITests.xctest */,
			);
			name = Products;
			sourceTree = "<group>";
		};
		A17FD37528AB9A01000CE4E4 /* D00 */ = {
			isa = PBXGroup;
			children = (
				A17FD37628AB9A01000CE4E4 /* AppDelegate.swift */,
				A17FD37828AB9A01000CE4E4 /* SceneDelegate.swift */,
				A17FD37A28AB9A01000CE4E4 /* ViewController.swift */,
				A17FD3A728ABA8AF000CE4E4 /* Ex01VC.swift */,
				A17FD37C28AB9A01000CE4E4 /* Main.storyboard */,
				A17FD37F28AB9A03000CE4E4 /* Assets.xcassets */,
				A17FD38128AB9A03000CE4E4 /* LaunchScreen.storyboard */,
				A17FD38428AB9A03000CE4E4 /* Info.plist */,
				A1226FB728ABAFAB00E9C917 /* Calculator.swift */,
			);
			path = D00;
			sourceTree = "<group>";
		};
		A17FD38C28AB9A03000CE4E4 /* D00Tests */ = {
			isa = PBXGroup;
			children = (
				A17FD38D28AB9A03000CE4E4 /* D00Tests.swift */,
			);
			path = D00Tests;
			sourceTree = "<group>";
		};
		A17FD39628AB9A03000CE4E4 /* D00UITests */ = {
			isa = PBXGroup;
			children = (
				A17FD39728AB9A03000CE4E4 /* D00UITests.swift */,
				A17FD39928AB9A03000CE4E4 /* D00UITestsLaunchTests.swift */,
			);
			path = D00UITests;
			sourceTree = "<group>";
		};
/* End PBXGroup section */

/* Begin PBXNativeTarget section */
		A17FD37228AB9A01000CE4E4 /* D00 */ = {
			isa = PBXNativeTarget;
			buildConfigurationList = A17FD39D28AB9A03000CE4E4 /* Build configuration list for PBXNativeTarget "D00" */;
			buildPhases = (
				A17FD36F28AB9A01000CE4E4 /* Sources */,
				A17FD37028AB9A01000CE4E4 /* Frameworks */,
				A17FD37128AB9A01000CE4E4 /* Resources */,
			);
			buildRules = (
			);
			dependencies = (
			);
			name = D00;
			productName = D00;
			productReference = A17FD37328AB9A01000CE4E4 /* D00.app */;
			productType = "com.apple.product-type.application";
		};
		A17FD38828AB9A03000CE4E4 /* D00Tests */ = {
			isa = PBXNativeTarget;
			buildConfigurationList = A17FD3A028AB9A03000CE4E4 /* Build configuration list for PBXNativeTarget "D00Tests" */;
			buildPhases = (
				A17FD38528AB9A03000CE4E4 /* Sources */,
				A17FD38628AB9A03000CE4E4 /* Frameworks */,
				A17FD38728AB9A03000CE4E4 /* Resources */,
			);
			buildRules = (
			);
			dependencies = (
				A17FD38B28AB9A03000CE4E4 /* PBXTargetDependency */,
			);
			name = D00Tests;
			productName = D00Tests;
			productReference = A17FD38928AB9A03000CE4E4 /* D00Tests.xctest */;
			productType = "com.apple.product-type.bundle.unit-test";
		};
		A17FD39228AB9A03000CE4E4 /* D00UITests */ = {
			isa = PBXNativeTarget;
			buildConfigurationList = A17FD3A328AB9A03000CE4E4 /* Build configuration list for PBXNativeTarget "D00UITests" */;
			buildPhases = (
				A17FD38F28AB9A03000CE4E4 /* Sources */,
				A17FD39028AB9A03000CE4E4 /* Frameworks */,
				A17FD39128AB9A03000CE4E4 /* Resources */,
			);
			buildRules = (
			);
			dependencies = (
				A17FD39528AB9A03000CE4E4 /* PBXTargetDependency */,
			);
			name = D00UITests;
			productName = D00UITests;
			productReference = A17FD39328AB9A03000CE4E4 /* D00UITests.xctest */;
			productType = "com.apple.product-type.bundle.ui-testing";
		};
/* End PBXNativeTarget section */

/* Begin PBXProject section */
		A17FD36B28AB9A01000CE4E4 /* Project object */ = {
			isa = PBXProject;
			attributes = {
				BuildIndependentTargetsInParallel = 1;
				LastSwiftUpdateCheck = 1340;
				LastUpgradeCheck = 1340;
				TargetAttributes = {
					A17FD37228AB9A01000CE4E4 = {
						CreatedOnToolsVersion = 13.4.1;
					};
					A17FD38828AB9A03000CE4E4 = {
						CreatedOnToolsVersion = 13.4.1;
						TestTargetID = A17FD37228AB9A01000CE4E4;
					};
					A17FD39228AB9A03000CE4E4 = {
						CreatedOnToolsVersion = 13.4.1;
						TestTargetID = A17FD37228AB9A01000CE4E4;
					};
				};
			};
			buildConfigurationList = A17FD36E28AB9A01000CE4E4 /* Build configuration list for PBXProject "D00" */;
			compatibilityVersion = "Xcode 13.0";
			developmentRegion = en;
			hasScannedForEncodings = 0;
			knownRegions = (
				en,
				Base,
			);
			mainGroup = A17FD36A28AB9A01000CE4E4;
			productRefGroup = A17FD37428AB9A01000CE4E4 /* Products */;
			projectDirPath = "";
			projectRoot = "";
			targets = (
				A17FD37228AB9A01000CE4E4 /* D00 */,
				A17FD38828AB9A03000CE4E4 /* D00Tests */,
				A17FD39228AB9A03000CE4E4 /* D00UITests */,
			);
		};
/* End PBXProject section */

/* Begin PBXResourcesBuildPhase section */
		A17FD37128AB9A01000CE4E4 /* Resources */ = {
			isa = PBXResourcesBuildPhase;
			buildActionMask = 2147483647;
			files = (
				A17FD38328AB9A03000CE4E4 /* LaunchScreen.storyboard in Resources */,
				A17FD38028AB9A03000CE4E4 /* Assets.xcassets in Resources */,
				A17FD37E28AB9A01000CE4E4 /* Main.storyboard in Resources */,
			);
			runOnlyForDeploymentPostprocessing = 0;
		};
		A17FD38728AB9A03000CE4E4 /* Resources */ = {
			isa = PBXResourcesBuildPhase;
			buildActionMask = 2147483647;
			files = (
			);
			runOnlyForDeploymentPostprocessing = 0;
		};
		A17FD39128AB9A03000CE4E4 /* Resources */ = {
			isa = PBXResourcesBuildPhase;
			buildActionMask = 2147483647;
			files = (
			);
			runOnlyForDeploymentPostprocessing = 0;
		};
/* End PBXResourcesBuildPhase section */

/* Begin PBXSourcesBuildPhase section */
		A17FD36F28AB9A01000CE4E4 /* Sources */ = {
			isa = PBXSourcesBuildPhase;
			buildActionMask = 2147483647;
			files = (
				A17FD37B28AB9A01000CE4E4 /* ViewController.swift in Sources */,
				A17FD3A828ABA8AF000CE4E4 /* Ex01VC.swift in Sources */,
				A17FD37728AB9A01000CE4E4 /* AppDelegate.swift in Sources */,
				A1226FB828ABAFAB00E9C917 /* Calculator.swift in Sources */,
				A17FD37928AB9A01000CE4E4 /* SceneDelegate.swift in Sources */,
			);
			runOnlyForDeploymentPostprocessing = 0;
		};
		A17FD38528AB9A03000CE4E4 /* Sources */ = {
			isa = PBXSourcesBuildPhase;
			buildActionMask = 2147483647;
			files = (
				A17FD38E28AB9A03000CE4E4 /* D00Tests.swift in Sources */,
			);
			runOnlyForDeploymentPostprocessing = 0;
		};
		A17FD38F28AB9A03000CE4E4 /* Sources */ = {
			isa = PBXSourcesBuildPhase;
			buildActionMask = 2147483647;
			files = (
				A17FD39828AB9A03000CE4E4 /* D00UITests.swift in Sources */,
				A17FD39A28AB9A03000CE4E4 /* D00UITestsLaunchTests.swift in Sources */,
			);
			runOnlyForDeploymentPostprocessing = 0;
		};
/* End PBXSourcesBuildPhase section */

/* Begin PBXTargetDependency section */
		A17FD38B28AB9A03000CE4E4 /* PBXTargetDependency */ = {
			isa = PBXTargetDependency;
			target = A17FD37228AB9A01000CE4E4 /* D00 */;
			targetProxy = A17FD38A28AB9A03000CE4E4 /* PBXContainerItemProxy */;
		};
		A17FD39528AB9A03000CE4E4 /* PBXTargetDependency */ = {
			isa = PBXTargetDependency;
			target = A17FD37228AB9A01000CE4E4 /* D00 */;
			targetProxy = A17FD39428AB9A03000CE4E4 /* PBXContainerItemProxy */;
		};
/* End PBXTargetDependency section */

/* Begin PBXVariantGroup section */
		A17FD37C28AB9A01000CE4E4 /* Main.storyboard */ = {
			isa = PBXVariantGroup;
			children = (
				A17FD37D28AB9A01000CE4E4 /* Base */,
			);
			name = Main.storyboard;
			sourceTree = "<group>";
		};
		A17FD38128AB9A03000CE4E4 /* LaunchScreen.storyboard */ = {
			isa = PBXVariantGroup;
			children = (
				A17FD38228AB9A03000CE4E4 /* Base */,
			);
			name = LaunchScreen.storyboard;
			sourceTree = "<group>";
		};
/* End PBXVariantGroup section */

/* Begin XCBuildConfiguration section */
		A17FD39B28AB9A03000CE4E4 /* Debug */ = {
			isa = XCBuildConfiguration;
			buildSettings = {
				ALWAYS_SEARCH_USER_PATHS = NO;
				CLANG_ANALYZER_NONNULL = YES;
				CLANG_ANALYZER_NUMBER_OBJECT_CONVERSION = YES_AGGRESSIVE;
				CLANG_CXX_LANGUAGE_STANDARD = "gnu++17";
				CLANG_ENABLE_MODULES = YES;
				CLANG_ENABLE_OBJC_ARC = YES;
				CLANG_ENABLE_OBJC_WEAK = YES;
				CLANG_WARN_BLOCK_CAPTURE_AUTORELEASING = YES;
				CLANG_WARN_BOOL_CONVERSION = YES;
				CLANG_WARN_COMMA = YES;
				CLANG_WARN_CONSTANT_CONVERSION = YES;
				CLANG_WARN_DEPRECATED_OBJC_IMPLEMENTATIONS = YES;
				CLANG_WARN_DIRECT_OBJC_ISA_USAGE = YES_ERROR;
				CLANG_WARN_DOCUMENTATION_COMMENTS = YES;
				CLANG_WARN_EMPTY_BODY = YES;
				CLANG_WARN_ENUM_CONVERSION = YES;
				CLANG_WARN_INFINITE_RECURSION = YES;
				CLANG_WARN_INT_CONVERSION = YES;
				CLANG_WARN_NON_LITERAL_NULL_CONVERSION = YES;
				CLANG_WARN_OBJC_IMPLICIT_RETAIN_SELF = YES;
				CLANG_WARN_OBJC_LITERAL_CONVERSION = YES;
				CLANG_WARN_OBJC_ROOT_CLASS = YES_ERROR;
				CLANG_WARN_QUOTED_INCLUDE_IN_FRAMEWORK_HEADER = YES;
				CLANG_WARN_RANGE_LOOP_ANALYSIS = YES;
				CLANG_WARN_STRICT_PROTOTYPES = YES;
				CLANG_WARN_SUSPICIOUS_MOVE = YES;
				CLANG_WARN_UNGUARDED_AVAILABILITY = YES_AGGRESSIVE;
				CLANG_WARN_UNREACHABLE_CODE = YES;
				CLANG_WARN__DUPLICATE_METHOD_MATCH = YES;
				COPY_PHASE_STRIP = NO;
				DEBUG_INFORMATION_FORMAT = dwarf;
				ENABLE_STRICT_OBJC_MSGSEND = YES;
				ENABLE_TESTABILITY = YES;
				GCC_C_LANGUAGE_STANDARD = gnu11;
				GCC_DYNAMIC_NO_PIC = NO;
				GCC_NO_COMMON_BLOCKS = YES;
				GCC_OPTIMIZATION_LEVEL = 0;
				GCC_PREPROCESSOR_DEFINITIONS = (
					"DEBUG=1",
					"$(inherited)",
				);
				GCC_WARN_64_TO_32_BIT_CONVERSION = YES;
				GCC_WARN_ABOUT_RETURN_TYPE = YES_ERROR;
				GCC_WARN_UNDECLARED_SELECTOR = YES;
				GCC_WARN_UNINITIALIZED_AUTOS = YES_AGGRESSIVE;
				GCC_WARN_UNUSED_FUNCTION = YES;
				GCC_WARN_UNUSED_VARIABLE = YES;
				IPHONEOS_DEPLOYMENT_TARGET = 15.5;
				MTL_ENABLE_DEBUG_INFO = INCLUDE_SOURCE;
				MTL_FAST_MATH = YES;
				ONLY_ACTIVE_ARCH = YES;
				SDKROOT = iphoneos;
				SWIFT_ACTIVE_COMPILATION_CONDITIONS = DEBUG;
				SWIFT_OPTIMIZATION_LEVEL = "-Onone";
			};
			name = Debug;
		};
		A17FD39C28AB9A03000CE4E4 /* Release */ = {
			isa = XCBuildConfiguration;
			buildSettings = {
				ALWAYS_SEARCH_USER_PATHS = NO;
				CLANG_ANALYZER_NONNULL = YES;
				CLANG_ANALYZER_NUMBER_OBJECT_CONVERSION = YES_AGGRESSIVE;
				CLANG_CXX_LANGUAGE_STANDARD = "gnu++17";
				CLANG_ENABLE_MODULES = YES;
				CLANG_ENABLE_OBJC_ARC = YES;
				CLANG_ENABLE_OBJC_WEAK = YES;
				CLANG_WARN_BLOCK_CAPTURE_AUTORELEASING = YES;
				CLANG_WARN_BOOL_CONVERSION = YES;
				CLANG_WARN_COMMA = YES;
				CLANG_WARN_CONSTANT_CONVERSION = YES;
				CLANG_WARN_DEPRECATED_OBJC_IMPLEMENTATIONS = YES;
				CLANG_WARN_DIRECT_OBJC_ISA_USAGE = YES_ERROR;
				CLANG_WARN_DOCUMENTATION_COMMENTS = YES;
				CLANG_WARN_EMPTY_BODY = YES;
				CLANG_WARN_ENUM_CONVERSION = YES;
				CLANG_WARN_INFINITE_RECURSION = YES;
				CLANG_WARN_INT_CONVERSION = YES;
				CLANG_WARN_NON_LITERAL_NULL_CONVERSION = YES;
				CLANG_WARN_OBJC_IMPLICIT_RETAIN_SELF = YES;
				CLANG_WARN_OBJC_LITERAL_CONVERSION = YES;
				CLANG_WARN_OBJC_ROOT_CLASS = YES_ERROR;
				CLANG_WARN_QUOTED_INCLUDE_IN_FRAMEWORK_HEADER = YES;
				CLANG_WARN_RANGE_LOOP_ANALYSIS = YES;
				CLANG_WARN_STRICT_PROTOTYPES = YES;
				CLANG_WARN_SUSPICIOUS_MOVE = YES;
				CLANG_WARN_UNGUARDED_AVAILABILITY = YES_AGGRESSIVE;
				CLANG_WARN_UNREACHABLE_CODE = YES;
				CLANG_WARN__DUPLICATE_METHOD_MATCH = YES;
				COPY_PHASE_STRIP = NO;
				DEBUG_INFORMATION_FORMAT = "dwarf-with-dsym";
				ENABLE_NS_ASSERTIONS = NO;
				ENABLE_STRICT_OBJC_MSGSEND = YES;
				GCC_C_LANGUAGE_STANDARD = gnu11;
				GCC_NO_COMMON_BLOCKS = YES;
				GCC_WARN_64_TO_32_BIT_CONVERSION = YES;
				GCC_WARN_ABOUT_RETURN_TYPE = YES_ERROR;
				GCC_WARN_UNDECLARED_SELECTOR = YES;
				GCC_WARN_UNINITIALIZED_AUTOS = YES_AGGRESSIVE;
				GCC_WARN_UNUSED_FUNCTION = YES;
				GCC_WARN_UNUSED_VARIABLE = YES;
				IPHONEOS_DEPLOYMENT_TARGET = 15.5;
				MTL_ENABLE_DEBUG_INFO = NO;
				MTL_FAST_MATH = YES;
				SDKROOT = iphoneos;
				SWIFT_COMPILATION_MODE = wholemodule;
				SWIFT_OPTIMIZATION_LEVEL = "-O";
				VALIDATE_PRODUCT = YES;
			};
			name = Release;
		};
		A17FD39E28AB9A03000CE4E4 /* Debug */ = {
			isa = XCBuildConfiguration;
			buildSettings = {
				ASSETCATALOG_COMPILER_APPICON_NAME = AppIcon;
				ASSETCATALOG_COMPILER_GLOBAL_ACCENT_COLOR_NAME = AccentColor;
				CODE_SIGN_STYLE = Automatic;
				CURRENT_PROJECT_VERSION = 1;
				DEVELOPMENT_TEAM = VBHJCPK49S;
				GENERATE_INFOPLIST_FILE = YES;
				INFOPLIST_FILE = D00/Info.plist;
				INFOPLIST_KEY_UIApplicationSupportsIndirectInputEvents = YES;
				INFOPLIST_KEY_UILaunchStoryboardName = LaunchScreen;
				INFOPLIST_KEY_UIMainStoryboardFile = Main;
				INFOPLIST_KEY_UISupportedInterfaceOrientations_iPad = "UIInterfaceOrientationPortrait UIInterfaceOrientationPortraitUpsideDown UIInterfaceOrientationLandscapeLeft UIInterfaceOrientationLandscapeRight";
				INFOPLIST_KEY_UISupportedInterfaceOrientations_iPhone = "UIInterfaceOrientationPortrait UIInterfaceOrientationLandscapeLeft UIInterfaceOrientationLandscapeRight";
				LD_RUNPATH_SEARCH_PATHS = (
					"$(inherited)",
					"@executable_path/Frameworks",
				);
				MARKETING_VERSION = 1.0;
				PRODUCT_BUNDLE_IDENTIFIER = kyujin.D00;
				PRODUCT_NAME = "$(TARGET_NAME)";
				SWIFT_EMIT_LOC_STRINGS = YES;
				SWIFT_VERSION = 5.0;
				TARGETED_DEVICE_FAMILY = "1,2";
			};
			name = Debug;
		};
		A17FD39F28AB9A03000CE4E4 /* Release */ = {
			isa = XCBuildConfiguration;
			buildSettings = {
				ASSETCATALOG_COMPILER_APPICON_NAME = AppIcon;
				ASSETCATALOG_COMPILER_GLOBAL_ACCENT_COLOR_NAME = AccentColor;
				CODE_SIGN_STYLE = Automatic;
				CURRENT_PROJECT_VERSION = 1;
				DEVELOPMENT_TEAM = VBHJCPK49S;
				GENERATE_INFOPLIST_FILE = YES;
				INFOPLIST_FILE = D00/Info.plist;
				INFOPLIST_KEY_UIApplicationSupportsIndirectInputEvents = YES;
				INFOPLIST_KEY_UILaunchStoryboardName = LaunchScreen;
				INFOPLIST_KEY_UIMainStoryboardFile = Main;
				INFOPLIST_KEY_UISupportedInterfaceOrientations_iPad = "UIInterfaceOrientationPortrait UIInterfaceOrientationPortraitUpsideDown UIInterfaceOrientationLandscapeLeft UIInterfaceOrientationLandscapeRight";
				INFOPLIST_KEY_UISupportedInterfaceOrientations_iPhone = "UIInterfaceOrientationPortrait UIInterfaceOrientationLandscapeLeft UIInterfaceOrientationLandscapeRight";
				LD_RUNPATH_SEARCH_PATHS = (
					"$(inherited)",
					"@executable_path/Frameworks",
				);
				MARKETING_VERSION = 1.0;
				PRODUCT_BUNDLE_IDENTIFIER = kyujin.D00;
				PRODUCT_NAME = "$(TARGET_NAME)";
				SWIFT_EMIT_LOC_STRINGS = YES;
				SWIFT_VERSION = 5.0;
				TARGETED_DEVICE_FAMILY = "1,2";
			};
			name = Release;
		};
		A17FD3A128AB9A03000CE4E4 /* Debug */ = {
			isa = XCBuildConfiguration;
			buildSettings = {
				ALWAYS_EMBED_SWIFT_STANDARD_LIBRARIES = YES;
				BUNDLE_LOADER = "$(TEST_HOST)";
				CODE_SIGN_STYLE = Automatic;
				CURRENT_PROJECT_VERSION = 1;
				DEVELOPMENT_TEAM = VBHJCPK49S;
				GENERATE_INFOPLIST_FILE = YES;
				IPHONEOS_DEPLOYMENT_TARGET = 15.5;
				MARKETING_VERSION = 1.0;
				PRODUCT_BUNDLE_IDENTIFIER = kyujin.D00Tests;
				PRODUCT_NAME = "$(TARGET_NAME)";
				SWIFT_EMIT_LOC_STRINGS = NO;
				SWIFT_VERSION = 5.0;
				TARGETED_DEVICE_FAMILY = "1,2";
				TEST_HOST = "$(BUILT_PRODUCTS_DIR)/D00.app/D00";
			};
			name = Debug;
		};
		A17FD3A228AB9A03000CE4E4 /* Release */ = {
			isa = XCBuildConfiguration;
			buildSettings = {
				ALWAYS_EMBED_SWIFT_STANDARD_LIBRARIES = YES;
				BUNDLE_LOADER = "$(TEST_HOST)";
				CODE_SIGN_STYLE = Automatic;
				CURRENT_PROJECT_VERSION = 1;
				DEVELOPMENT_TEAM = VBHJCPK49S;
				GENERATE_INFOPLIST_FILE = YES;
				IPHONEOS_DEPLOYMENT_TARGET = 15.5;
				MARKETING_VERSION = 1.0;
				PRODUCT_BUNDLE_IDENTIFIER = kyujin.D00Tests;
				PRODUCT_NAME = "$(TARGET_NAME)";
				SWIFT_EMIT_LOC_STRINGS = NO;
				SWIFT_VERSION = 5.0;
				TARGETED_DEVICE_FAMILY = "1,2";
				TEST_HOST = "$(BUILT_PRODUCTS_DIR)/D00.app/D00";
			};
			name = Release;
		};
		A17FD3A428AB9A03000CE4E4 /* Debug */ = {
			isa = XCBuildConfiguration;
			buildSettings = {
				ALWAYS_EMBED_SWIFT_STANDARD_LIBRARIES = YES;
				CODE_SIGN_STYLE = Automatic;
				CURRENT_PROJECT_VERSION = 1;
				DEVELOPMENT_TEAM = VBHJCPK49S;
				GENERATE_INFOPLIST_FILE = YES;
				MARKETING_VERSION = 1.0;
				PRODUCT_BUNDLE_IDENTIFIER = kyujin.D00UITests;
				PRODUCT_NAME = "$(TARGET_NAME)";
				SWIFT_EMIT_LOC_STRINGS = NO;
				SWIFT_VERSION = 5.0;
				TARGETED_DEVICE_FAMILY = "1,2";
				TEST_TARGET_NAME = D00;
			};
			name = Debug;
		};
		A17FD3A528AB9A03000CE4E4 /* Release */ = {
			isa = XCBuildConfiguration;
			buildSettings = {
				ALWAYS_EMBED_SWIFT_STANDARD_LIBRARIES = YES;
				CODE_SIGN_STYLE = Automatic;
				CURRENT_PROJECT_VERSION = 1;
				DEVELOPMENT_TEAM = VBHJCPK49S;
				GENERATE_INFOPLIST_FILE = YES;
				MARKETING_VERSION = 1.0;
				PRODUCT_BUNDLE_IDENTIFIER = kyujin.D00UITests;
				PRODUCT_NAME = "$(TARGET_NAME)";
				SWIFT_EMIT_LOC_STRINGS = NO;
				SWIFT_VERSION = 5.0;
				TARGETED_DEVICE_FAMILY = "1,2";
				TEST_TARGET_NAME = D00;
			};
			name = Release;
		};
/* End XCBuildConfiguration section */

/* Begin XCConfigurationList section */
		A17FD36E28AB9A01000CE4E4 /* Build configuration list for PBXProject "D00" */ = {
			isa = XCConfigurationList;
			buildConfigurations = (
				A17FD39B28AB9A03000CE4E4 /* Debug */,
				A17FD39C28AB9A03000CE4E4 /* Release */,
			);
			defaultConfigurationIsVisible = 0;
			defaultConfigurationName = Release;
		};
		A17FD39D28AB9A03000CE4E4 /* Build configuration list for PBXNativeTarget "D00" */ = {
			isa = XCConfigurationList;
			buildConfigurations = (
				A17FD39E28AB9A03000CE4E4 /* Debug */,
				A17FD39F28AB9A03000CE4E4 /* Release */,
			);
			defaultConfigurationIsVisible = 0;
			defaultConfigurationName = Release;
		};
		A17FD3A028AB9A03000CE4E4 /* Build configuration list for PBXNativeTarget "D00Tests" */ = {
			isa = XCConfigurationList;
			buildConfigurations = (
				A17FD3A128AB9A03000CE4E4 /* Debug */,
				A17FD3A228AB9A03000CE4E4 /* Release */,
			);
			defaultConfigurationIsVisible = 0;
			defaultConfigurationName = Release;
		};
		A17FD3A328AB9A03000CE4E4 /* Build configuration list for PBXNativeTarget "D00UITests" */ = {
			isa = XCConfigurationList;
			buildConfigurations = (
				A17FD3A428AB9A03000CE4E4 /* Debug */,
				A17FD3A528AB9A03000CE4E4 /* Release */,
			);
			defaultConfigurationIsVisible = 0;
			defaultConfigurationName = Release;
		};
/* End XCConfigurationList section */
	};
	rootObject = A17FD36B28AB9A01000CE4E4 /* Project object */;
}
